
Microsoft Visual Studio Solution File, Format Version 12.00
# Visual Studio Version 16
VisualStudioVersion = 16.0.32413.511
MinimumVisualStudioVersion = 10.0.40219.1
Project("{FAE04EC0-301F-11D3-BF4B-00C04F79EFBC}") = "HCI", "HCI.csproj", "{DE5352CC-A31B-4671-AB91-12CD3E075960}"
EndProject
Global
	GlobalSection(SolutionConfigurationPlatforms) = preSolution
		Debug|Any CPU = Debug|Any CPU
		Release|Any CPU = Release|Any CPU
	EndGlobalSection
	GlobalSection(ProjectConfigurationPlatforms) = postSolution
		{DE5352CC-A31B-4671-AB91-12CD3E075960}.Debug|Any CPU.ActiveCfg = Debug|Any CPU
		{DE5352CC-A31B-4671-AB91-12CD3E075960}.Debug|Any CPU.Build.0 = Debug|Any CPU
		{DE5352CC-A31B-4671-AB91-12CD3E075960}.Release|Any CPU.ActiveCfg = Release|Any CPU
		{DE5352CC-A31B-4671-AB91-12CD3E075960}.Release|Any CPU.Build.0 = Release|Any CPU
	EndGlobalSection
	GlobalSection(SolutionProperties) = preSolution
		HideSolutionNode = FALSE
	EndGlobalSection
	GlobalSection(ExtensibilityGlobals) = postSolution
		SolutionGuid = {AF0547D5-8C16-4C8D-8162-FBB4BD46B939}
	EndGlobalSection
EndGlobal
