
Microsoft Visual Studio Solution File, Format Version 12.00
# Visual Studio Version 16
VisualStudioVersion = 16.0.32413.511
MinimumVisualStudioVersion = 10.0.40219.1
Project("{FAE04EC0-301F-11D3-BF4B-00C04F79EFBC}") = "HCI", "HCI\HCI.csproj", "{B299B435-9E78-49B4-AB75-AE624E4A063A}"
EndProject
Global
	GlobalSection(SolutionConfigurationPlatforms) = preSolution
		Debug|Any CPU = Debug|Any CPU
		Release|Any CPU = Release|Any CPU
	EndGlobalSection
	GlobalSection(ProjectConfigurationPlatforms) = postSolution
		{B299B435-9E78-49B4-AB75-AE624E4A063A}.Debug|Any CPU.ActiveCfg = Debug|Any CPU
		{B299B435-9E78-49B4-AB75-AE624E4A063A}.Debug|Any CPU.Build.0 = Debug|Any CPU
		{B299B435-9E78-49B4-AB75-AE624E4A063A}.Release|Any CPU.ActiveCfg = Release|Any CPU
		{B299B435-9E78-49B4-AB75-AE624E4A063A}.Release|Any CPU.Build.0 = Release|Any CPU
	EndGlobalSection
	GlobalSection(SolutionProperties) = preSolution
		HideSolutionNode = FALSE
	EndGlobalSection
	GlobalSection(ExtensibilityGlobals) = postSolution
		SolutionGuid = {EAC849C5-9E16-4EF7-AE02-4BC89A56AE8D}
	EndGlobalSection
EndGlobal
